
Microsoft Visual Studio Solution File, Format Version 10.00
# Visual C# Express 2008
Project("{FAE04EC0-301F-11D3-BF4B-00C04F79EFBC}") = "HexGame", "HexGame\HexGame.csproj", "{B8506D43-DA81-4D02-B8FC-440E35993C48}"
EndProject
Global
	GlobalSection(SolutionConfigurationPlatforms) = preSolution
		Debug|x86 = Debug|x86
		Release|x86 = Release|x86
	EndGlobalSection
	GlobalSection(ProjectConfigurationPlatforms) = postSolution
		{B8506D43-DA81-4D02-B8FC-440E35993C48}.Debug|x86.ActiveCfg = Debug|x86
		{B8506D43-DA81-4D02-B8FC-440E35993C48}.Debug|x86.Build.0 = Debug|x86
		{B8506D43-DA81-4D02-B8FC-440E35993C48}.Release|x86.ActiveCfg = Release|x86
		{B8506D43-DA81-4D02-B8FC-440E35993C48}.Release|x86.Build.0 = Release|x86
		{FF914836-3AA9-4E27-B97B-68FDA76B630D}.Debug|x86.ActiveCfg = Debug|x86
		{FF914836-3AA9-4E27-B97B-68FDA76B630D}.Release|x86.ActiveCfg = Release|x86
	EndGlobalSection
	GlobalSection(SolutionProperties) = preSolution
		HideSolutionNode = FALSE
	EndGlobalSection
EndGlobal
